// !$*UTF8*$!
{
	archiveVersion = 1;
	classes = {
	};
	objectVersion = 55;
	objects = {

/* Begin PBXBuildFile section */
		212FB494290C6FA0009157BF /* Pair.cpp in Sources */ = {isa = PBXBuildFile; fileRef = 212FB492290C6FA0009157BF /* Pair.cpp */; };
		212FB498290C6FD9009157BF /* Rational.cpp in Sources */ = {isa = PBXBuildFile; fileRef = 212FB496290C6FD9009157BF /* Rational.cpp */; };
		212FB4B2291978A9009157BF /* NewPair.cpp in Sources */ = {isa = PBXBuildFile; fileRef = 212FB4B0291978A9009157BF /* NewPair.cpp */; };
		212FB4B9291978F7009157BF /* NewFraction.cpp in Sources */ = {isa = PBXBuildFile; fileRef = 212FB4B7291978F7009157BF /* NewFraction.cpp */; };
		212FB4BE29197969009157BF /* NewFuzzyNumber.cpp in Sources */ = {isa = PBXBuildFile; fileRef = 212FB4BC29197969009157BF /* NewFuzzyNumber.cpp */; };
		214CEE3C28FD4B2300814B9E /* main.cpp in Sources */ = {isa = PBXBuildFile; fileRef = 214CEE3B28FD4B2300814B9E /* main.cpp */; };
		214CEE4428FD4BAE00814B9E /* classesFirstTask.cpp in Sources */ = {isa = PBXBuildFile; fileRef = 214CEE4228FD4BAE00814B9E /* classesFirstTask.cpp */; };
		214CEE4928FD4C4C00814B9E /* classesSecondTask.cpp in Sources */ = {isa = PBXBuildFile; fileRef = 214CEE4728FD4C4C00814B9E /* classesSecondTask.cpp */; };
		214CEE6028FD74B800814B9E /* classesThirdTask.cpp in Sources */ = {isa = PBXBuildFile; fileRef = 214CEE5E28FD74B800814B9E /* classesThirdTask.cpp */; };
		214CEE6428FF332700814B9E /* Fraction.cpp in Sources */ = {isa = PBXBuildFile; fileRef = 214CEE6228FF332700814B9E /* Fraction.cpp */; };
		21FDD873292B64490088EC3D /* List.cpp in Sources */ = {isa = PBXBuildFile; fileRef = 21FDD871292B64490088EC3D /* List.cpp */; };
		21FDD877292B64960088EC3D /* Node.cpp in Sources */ = {isa = PBXBuildFile; fileRef = 21FDD875292B64960088EC3D /* Node.cpp */; };
		21FDD87A292B64A40088EC3D /* Iterator.cpp in Sources */ = {isa = PBXBuildFile; fileRef = 21FDD878292B64A40088EC3D /* Iterator.cpp */; };
/* End PBXBuildFile section */

/* Begin PBXCopyFilesBuildPhase section */
		214CEE3628FD4B2300814B9E /* CopyFiles */ = {
			isa = PBXCopyFilesBuildPhase;
			buildActionMask = 2147483647;
			dstPath = /usr/share/man/man1/;
			dstSubfolderSpec = 0;
			files = (
			);
			runOnlyForDeploymentPostprocessing = 1;
		};
/* End PBXCopyFilesBuildPhase section */

/* Begin PBXFileReference section */
		212FB492290C6FA0009157BF /* Pair.cpp */ = {isa = PBXFileReference; lastKnownFileType = sourcecode.cpp.cpp; path = Pair.cpp; sourceTree = "<group>"; };
		212FB493290C6FA0009157BF /* Pair.hpp */ = {isa = PBXFileReference; lastKnownFileType = sourcecode.cpp.h; path = Pair.hpp; sourceTree = "<group>"; };
		212FB496290C6FD9009157BF /* Rational.cpp */ = {isa = PBXFileReference; lastKnownFileType = sourcecode.cpp.cpp; path = Rational.cpp; sourceTree = "<group>"; };
		212FB497290C6FD9009157BF /* Rational.hpp */ = {isa = PBXFileReference; lastKnownFileType = sourcecode.cpp.h; path = Rational.hpp; sourceTree = "<group>"; };
		212FB4B0291978A9009157BF /* NewPair.cpp */ = {isa = PBXFileReference; lastKnownFileType = sourcecode.cpp.cpp; path = NewPair.cpp; sourceTree = "<group>"; };
		212FB4B1291978A9009157BF /* NewPair.hpp */ = {isa = PBXFileReference; lastKnownFileType = sourcecode.cpp.h; path = NewPair.hpp; sourceTree = "<group>"; };
		212FB4B7291978F7009157BF /* NewFraction.cpp */ = {isa = PBXFileReference; lastKnownFileType = sourcecode.cpp.cpp; path = NewFraction.cpp; sourceTree = "<group>"; };
		212FB4B8291978F7009157BF /* NewFraction.hpp */ = {isa = PBXFileReference; lastKnownFileType = sourcecode.cpp.h; path = NewFraction.hpp; sourceTree = "<group>"; };
		212FB4BC29197969009157BF /* NewFuzzyNumber.cpp */ = {isa = PBXFileReference; lastKnownFileType = sourcecode.cpp.cpp; path = NewFuzzyNumber.cpp; sourceTree = "<group>"; };
		212FB4BD29197969009157BF /* NewFuzzyNumber.hpp */ = {isa = PBXFileReference; lastKnownFileType = sourcecode.cpp.h; path = NewFuzzyNumber.hpp; sourceTree = "<group>"; };
		214CEE3828FD4B2300814B9E /* labs_oop */ = {isa = PBXFileReference; explicitFileType = "compiled.mach-o.executable"; includeInIndex = 0; path = labs_oop; sourceTree = BUILT_PRODUCTS_DIR; };
		214CEE3B28FD4B2300814B9E /* main.cpp */ = {isa = PBXFileReference; lastKnownFileType = sourcecode.cpp.cpp; path = main.cpp; sourceTree = "<group>"; };
		214CEE4228FD4BAE00814B9E /* classesFirstTask.cpp */ = {isa = PBXFileReference; lastKnownFileType = sourcecode.cpp.cpp; path = classesFirstTask.cpp; sourceTree = "<group>"; };
		214CEE4328FD4BAE00814B9E /* classesFirstTask.hpp */ = {isa = PBXFileReference; lastKnownFileType = sourcecode.cpp.h; path = classesFirstTask.hpp; sourceTree = "<group>"; };
		214CEE4728FD4C4C00814B9E /* classesSecondTask.cpp */ = {isa = PBXFileReference; lastKnownFileType = sourcecode.cpp.cpp; path = classesSecondTask.cpp; sourceTree = "<group>"; };
		214CEE4828FD4C4C00814B9E /* classesSecondTask.hpp */ = {isa = PBXFileReference; lastKnownFileType = sourcecode.cpp.h; path = classesSecondTask.hpp; sourceTree = "<group>"; };
		214CEE5E28FD74B800814B9E /* classesThirdTask.cpp */ = {isa = PBXFileReference; lastKnownFileType = sourcecode.cpp.cpp; path = classesThirdTask.cpp; sourceTree = "<group>"; };
		214CEE5F28FD74B800814B9E /* classesThirdTask.hpp */ = {isa = PBXFileReference; lastKnownFileType = sourcecode.cpp.h; path = classesThirdTask.hpp; sourceTree = "<group>"; };
		214CEE6228FF332700814B9E /* Fraction.cpp */ = {isa = PBXFileReference; lastKnownFileType = sourcecode.cpp.cpp; path = Fraction.cpp; sourceTree = "<group>"; };
		214CEE6328FF332700814B9E /* Fraction.hpp */ = {isa = PBXFileReference; lastKnownFileType = sourcecode.cpp.h; path = Fraction.hpp; sourceTree = "<group>"; };
		21FDD871292B64490088EC3D /* List.cpp */ = {isa = PBXFileReference; lastKnownFileType = sourcecode.cpp.cpp; path = List.cpp; sourceTree = "<group>"; };
		21FDD872292B64490088EC3D /* List.hpp */ = {isa = PBXFileReference; lastKnownFileType = sourcecode.cpp.h; path = List.hpp; sourceTree = "<group>"; };
		21FDD875292B64960088EC3D /* Node.cpp */ = {isa = PBXFileReference; lastKnownFileType = sourcecode.cpp.cpp; path = Node.cpp; sourceTree = "<group>"; };
		21FDD876292B64960088EC3D /* Node.hpp */ = {isa = PBXFileReference; lastKnownFileType = sourcecode.cpp.h; path = Node.hpp; sourceTree = "<group>"; };
		21FDD878292B64A40088EC3D /* Iterator.cpp */ = {isa = PBXFileReference; lastKnownFileType = sourcecode.cpp.cpp; path = Iterator.cpp; sourceTree = "<group>"; };
		21FDD879292B64A40088EC3D /* Iterator.hpp */ = {isa = PBXFileReference; lastKnownFileType = sourcecode.cpp.h; path = Iterator.hpp; sourceTree = "<group>"; };
/* End PBXFileReference section */

/* Begin PBXFrameworksBuildPhase section */
		214CEE3528FD4B2300814B9E /* Frameworks */ = {
			isa = PBXFrameworksBuildPhase;
			buildActionMask = 2147483647;
			files = (
			);
			runOnlyForDeploymentPostprocessing = 0;
		};
/* End PBXFrameworksBuildPhase section */

/* Begin PBXGroup section */
		212FB495290C6FA5009157BF /* FourthTaskClasses */ = {
			isa = PBXGroup;
			children = (
				212FB492290C6FA0009157BF /* Pair.cpp */,
				212FB493290C6FA0009157BF /* Pair.hpp */,
				212FB499290C6FDE009157BF /* Rational */,
			);
			path = FourthTaskClasses;
			sourceTree = "<group>";
		};
		212FB499290C6FDE009157BF /* Rational */ = {
			isa = PBXGroup;
			children = (
				212FB496290C6FD9009157BF /* Rational.cpp */,
				212FB497290C6FD9009157BF /* Rational.hpp */,
			);
			path = Rational;
			sourceTree = "<group>";
		};
		212FB4B3291978AE009157BF /* FifthTaskClasses */ = {
			isa = PBXGroup;
			children = (
				212FB4B0291978A9009157BF /* NewPair.cpp */,
				212FB4B1291978A9009157BF /* NewPair.hpp */,
				212FB4BB2919790A009157BF /* FuzzyNumber */,
				212FB4BA291978FC009157BF /* Fraction */,
			);
			path = FifthTaskClasses;
			sourceTree = "<group>";
		};
		212FB4BA291978FC009157BF /* Fraction */ = {
			isa = PBXGroup;
			children = (
				212FB4B7291978F7009157BF /* NewFraction.cpp */,
				212FB4B8291978F7009157BF /* NewFraction.hpp */,
			);
			path = Fraction;
			sourceTree = "<group>";
		};
		212FB4BB2919790A009157BF /* FuzzyNumber */ = {
			isa = PBXGroup;
			children = (
				212FB4BC29197969009157BF /* NewFuzzyNumber.cpp */,
				212FB4BD29197969009157BF /* NewFuzzyNumber.hpp */,
			);
			path = FuzzyNumber;
			sourceTree = "<group>";
		};
		214CEE2F28FD4B2300814B9E = {
			isa = PBXGroup;
			children = (
				214CEE3A28FD4B2300814B9E /* labs_oop */,
				214CEE3928FD4B2300814B9E /* Products */,
			);
			sourceTree = "<group>";
		};
		214CEE3928FD4B2300814B9E /* Products */ = {
			isa = PBXGroup;
			children = (
				214CEE3828FD4B2300814B9E /* labs_oop */,
			);
			name = Products;
			sourceTree = "<group>";
		};
		214CEE3A28FD4B2300814B9E /* labs_oop */ = {
			isa = PBXGroup;
			children = (
				214CEE4528FD4BB500814B9E /* Source */,
			);
			path = labs_oop;
			sourceTree = "<group>";
		};
		214CEE4528FD4BB500814B9E /* Source */ = {
			isa = PBXGroup;
			children = (
				214CEE3B28FD4B2300814B9E /* main.cpp */,
				214CEE4628FD4BD200814B9E /* FirstTaskClasses */,
				214CEE4A28FD4C6200814B9E /* SecondTaskClasses */,
				214CEE6128FD74BE00814B9E /* ThirdTaskClasses */,
				212FB495290C6FA5009157BF /* FourthTaskClasses */,
				212FB4B3291978AE009157BF /* FifthTaskClasses */,
				21FDD874292B644E0088EC3D /* SixthTaskClasses */,
			);
			path = Source;
			sourceTree = "<group>";
		};
		214CEE4628FD4BD200814B9E /* FirstTaskClasses */ = {
			isa = PBXGroup;
			children = (
				214CEE4228FD4BAE00814B9E /* classesFirstTask.cpp */,
				214CEE4328FD4BAE00814B9E /* classesFirstTask.hpp */,
			);
			path = FirstTaskClasses;
			sourceTree = "<group>";
		};
		214CEE4A28FD4C6200814B9E /* SecondTaskClasses */ = {
			isa = PBXGroup;
			children = (
				214CEE4728FD4C4C00814B9E /* classesSecondTask.cpp */,
				214CEE4828FD4C4C00814B9E /* classesSecondTask.hpp */,
			);
			path = SecondTaskClasses;
			sourceTree = "<group>";
		};
		214CEE6128FD74BE00814B9E /* ThirdTaskClasses */ = {
			isa = PBXGroup;
			children = (
				214CEE5E28FD74B800814B9E /* classesThirdTask.cpp */,
				214CEE5F28FD74B800814B9E /* classesThirdTask.hpp */,
				214CEE6528FF333100814B9E /* Fraction */,
			);
			path = ThirdTaskClasses;
			sourceTree = "<group>";
		};
		214CEE6528FF333100814B9E /* Fraction */ = {
			isa = PBXGroup;
			children = (
				214CEE6228FF332700814B9E /* Fraction.cpp */,
				214CEE6328FF332700814B9E /* Fraction.hpp */,
			);
			path = Fraction;
			sourceTree = "<group>";
		};
		21FDD874292B644E0088EC3D /* SixthTaskClasses */ = {
			isa = PBXGroup;
			children = (
				21FDD871292B64490088EC3D /* List.cpp */,
				21FDD872292B64490088EC3D /* List.hpp */,
				21FDD875292B64960088EC3D /* Node.cpp */,
				21FDD876292B64960088EC3D /* Node.hpp */,
				21FDD878292B64A40088EC3D /* Iterator.cpp */,
				21FDD879292B64A40088EC3D /* Iterator.hpp */,
			);
			path = SixthTaskClasses;
			sourceTree = "<group>";
		};
/* End PBXGroup section */

/* Begin PBXNativeTarget section */
		214CEE3728FD4B2300814B9E /* labs_oop */ = {
			isa = PBXNativeTarget;
			buildConfigurationList = 214CEE3F28FD4B2300814B9E /* Build configuration list for PBXNativeTarget "labs_oop" */;
			buildPhases = (
				214CEE3428FD4B2300814B9E /* Sources */,
				214CEE3528FD4B2300814B9E /* Frameworks */,
				214CEE3628FD4B2300814B9E /* CopyFiles */,
			);
			buildRules = (
			);
			dependencies = (
			);
			name = labs_oop;
			productName = labs_oop;
			productReference = 214CEE3828FD4B2300814B9E /* labs_oop */;
			productType = "com.apple.product-type.tool";
		};
/* End PBXNativeTarget section */

/* Begin PBXProject section */
		214CEE3028FD4B2300814B9E /* Project object */ = {
			isa = PBXProject;
			attributes = {
				BuildIndependentTargetsInParallel = 1;
				LastUpgradeCheck = 1340;
				TargetAttributes = {
					214CEE3728FD4B2300814B9E = {
						CreatedOnToolsVersion = 13.4.1;
					};
				};
			};
			buildConfigurationList = 214CEE3328FD4B2300814B9E /* Build configuration list for PBXProject "labs_oop" */;
			compatibilityVersion = "Xcode 13.0";
			developmentRegion = en;
			hasScannedForEncodings = 0;
			knownRegions = (
				en,
				Base,
			);
			mainGroup = 214CEE2F28FD4B2300814B9E;
			productRefGroup = 214CEE3928FD4B2300814B9E /* Products */;
			projectDirPath = "";
			projectRoot = "";
			targets = (
				214CEE3728FD4B2300814B9E /* labs_oop */,
			);
		};
/* End PBXProject section */

/* Begin PBXSourcesBuildPhase section */
		214CEE3428FD4B2300814B9E /* Sources */ = {
			isa = PBXSourcesBuildPhase;
			buildActionMask = 2147483647;
			files = (
				214CEE4428FD4BAE00814B9E /* classesFirstTask.cpp in Sources */,
				214CEE6028FD74B800814B9E /* classesThirdTask.cpp in Sources */,
				212FB4B2291978A9009157BF /* NewPair.cpp in Sources */,
				21FDD877292B64960088EC3D /* Node.cpp in Sources */,
				214CEE3C28FD4B2300814B9E /* main.cpp in Sources */,
				212FB494290C6FA0009157BF /* Pair.cpp in Sources */,
				214CEE4928FD4C4C00814B9E /* classesSecondTask.cpp in Sources */,
				21FDD873292B64490088EC3D /* List.cpp in Sources */,
				214CEE6428FF332700814B9E /* Fraction.cpp in Sources */,
				21FDD87A292B64A40088EC3D /* Iterator.cpp in Sources */,
				212FB4BE29197969009157BF /* NewFuzzyNumber.cpp in Sources */,
				212FB498290C6FD9009157BF /* Rational.cpp in Sources */,
				212FB4B9291978F7009157BF /* NewFraction.cpp in Sources */,
			);
			runOnlyForDeploymentPostprocessing = 0;
		};
/* End PBXSourcesBuildPhase section */

/* Begin XCBuildConfiguration section */
		214CEE3D28FD4B2300814B9E /* Debug */ = {
			isa = XCBuildConfiguration;
			buildSettings = {
				ALWAYS_SEARCH_USER_PATHS = NO;
				CLANG_ANALYZER_NONNULL = YES;
				CLANG_ANALYZER_NUMBER_OBJECT_CONVERSION = YES_AGGRESSIVE;
				CLANG_CXX_LANGUAGE_STANDARD = "gnu++17";
				CLANG_ENABLE_MODULES = YES;
				CLANG_ENABLE_OBJC_ARC = YES;
				CLANG_ENABLE_OBJC_WEAK = YES;
				CLANG_WARN_BLOCK_CAPTURE_AUTORELEASING = YES;
				CLANG_WARN_BOOL_CONVERSION = YES;
				CLANG_WARN_COMMA = YES;
				CLANG_WARN_CONSTANT_CONVERSION = YES;
				CLANG_WARN_DEPRECATED_OBJC_IMPLEMENTATIONS = YES;
				CLANG_WARN_DIRECT_OBJC_ISA_USAGE = YES_ERROR;
				CLANG_WARN_DOCUMENTATION_COMMENTS = YES;
				CLANG_WARN_EMPTY_BODY = YES;
				CLANG_WARN_ENUM_CONVERSION = YES;
				CLANG_WARN_INFINITE_RECURSION = YES;
				CLANG_WARN_INT_CONVERSION = YES;
				CLANG_WARN_NON_LITERAL_NULL_CONVERSION = YES;
				CLANG_WARN_OBJC_IMPLICIT_RETAIN_SELF = YES;
				CLANG_WARN_OBJC_LITERAL_CONVERSION = YES;
				CLANG_WARN_OBJC_ROOT_CLASS = YES_ERROR;
				CLANG_WARN_QUOTED_INCLUDE_IN_FRAMEWORK_HEADER = YES;
				CLANG_WARN_RANGE_LOOP_ANALYSIS = YES;
				CLANG_WARN_STRICT_PROTOTYPES = YES;
				CLANG_WARN_SUSPICIOUS_MOVE = YES;
				CLANG_WARN_UNGUARDED_AVAILABILITY = YES_AGGRESSIVE;
				CLANG_WARN_UNREACHABLE_CODE = YES;
				CLANG_WARN__DUPLICATE_METHOD_MATCH = YES;
				COPY_PHASE_STRIP = NO;
				DEBUG_INFORMATION_FORMAT = dwarf;
				ENABLE_STRICT_OBJC_MSGSEND = YES;
				ENABLE_TESTABILITY = YES;
				GCC_C_LANGUAGE_STANDARD = gnu11;
				GCC_DYNAMIC_NO_PIC = NO;
				GCC_NO_COMMON_BLOCKS = YES;
				GCC_OPTIMIZATION_LEVEL = 0;
				GCC_PREPROCESSOR_DEFINITIONS = (
					"DEBUG=1",
					"$(inherited)",
				);
				GCC_WARN_64_TO_32_BIT_CONVERSION = YES;
				GCC_WARN_ABOUT_RETURN_TYPE = YES_ERROR;
				GCC_WARN_UNDECLARED_SELECTOR = YES;
				GCC_WARN_UNINITIALIZED_AUTOS = YES_AGGRESSIVE;
				GCC_WARN_UNUSED_FUNCTION = YES;
				GCC_WARN_UNUSED_VARIABLE = YES;
				MACOSX_DEPLOYMENT_TARGET = 12.3;
				MTL_ENABLE_DEBUG_INFO = INCLUDE_SOURCE;
				MTL_FAST_MATH = YES;
				ONLY_ACTIVE_ARCH = YES;
				SDKROOT = macosx;
			};
			name = Debug;
		};
		214CEE3E28FD4B2300814B9E /* Release */ = {
			isa = XCBuildConfiguration;
			buildSettings = {
				ALWAYS_SEARCH_USER_PATHS = NO;
				CLANG_ANALYZER_NONNULL = YES;
				CLANG_ANALYZER_NUMBER_OBJECT_CONVERSION = YES_AGGRESSIVE;
				CLANG_CXX_LANGUAGE_STANDARD = "gnu++17";
				CLANG_ENABLE_MODULES = YES;
				CLANG_ENABLE_OBJC_ARC = YES;
				CLANG_ENABLE_OBJC_WEAK = YES;
				CLANG_WARN_BLOCK_CAPTURE_AUTORELEASING = YES;
				CLANG_WARN_BOOL_CONVERSION = YES;
				CLANG_WARN_COMMA = YES;
				CLANG_WARN_CONSTANT_CONVERSION = YES;
				CLANG_WARN_DEPRECATED_OBJC_IMPLEMENTATIONS = YES;
				CLANG_WARN_DIRECT_OBJC_ISA_USAGE = YES_ERROR;
				CLANG_WARN_DOCUMENTATION_COMMENTS = YES;
				CLANG_WARN_EMPTY_BODY = YES;
				CLANG_WARN_ENUM_CONVERSION = YES;
				CLANG_WARN_INFINITE_RECURSION = YES;
				CLANG_WARN_INT_CONVERSION = YES;
				CLANG_WARN_NON_LITERAL_NULL_CONVERSION = YES;
				CLANG_WARN_OBJC_IMPLICIT_RETAIN_SELF = YES;
				CLANG_WARN_OBJC_LITERAL_CONVERSION = YES;
				CLANG_WARN_OBJC_ROOT_CLASS = YES_ERROR;
				CLANG_WARN_QUOTED_INCLUDE_IN_FRAMEWORK_HEADER = YES;
				CLANG_WARN_RANGE_LOOP_ANALYSIS = YES;
				CLANG_WARN_STRICT_PROTOTYPES = YES;
				CLANG_WARN_SUSPICIOUS_MOVE = YES;
				CLANG_WARN_UNGUARDED_AVAILABILITY = YES_AGGRESSIVE;
				CLANG_WARN_UNREACHABLE_CODE = YES;
				CLANG_WARN__DUPLICATE_METHOD_MATCH = YES;
				COPY_PHASE_STRIP = NO;
				DEBUG_INFORMATION_FORMAT = "dwarf-with-dsym";
				ENABLE_NS_ASSERTIONS = NO;
				ENABLE_STRICT_OBJC_MSGSEND = YES;
				GCC_C_LANGUAGE_STANDARD = gnu11;
				GCC_NO_COMMON_BLOCKS = YES;
				GCC_WARN_64_TO_32_BIT_CONVERSION = YES;
				GCC_WARN_ABOUT_RETURN_TYPE = YES_ERROR;
				GCC_WARN_UNDECLARED_SELECTOR = YES;
				GCC_WARN_UNINITIALIZED_AUTOS = YES_AGGRESSIVE;
				GCC_WARN_UNUSED_FUNCTION = YES;
				GCC_WARN_UNUSED_VARIABLE = YES;
				MACOSX_DEPLOYMENT_TARGET = 12.3;
				MTL_ENABLE_DEBUG_INFO = NO;
				MTL_FAST_MATH = YES;
				SDKROOT = macosx;
			};
			name = Release;
		};
		214CEE4028FD4B2300814B9E /* Debug */ = {
			isa = XCBuildConfiguration;
			buildSettings = {
				CODE_SIGN_STYLE = Automatic;
				PRODUCT_NAME = "$(TARGET_NAME)";
			};
			name = Debug;
		};
		214CEE4128FD4B2300814B9E /* Release */ = {
			isa = XCBuildConfiguration;
			buildSettings = {
				CODE_SIGN_STYLE = Automatic;
				PRODUCT_NAME = "$(TARGET_NAME)";
			};
			name = Release;
		};
/* End XCBuildConfiguration section */

/* Begin XCConfigurationList section */
		214CEE3328FD4B2300814B9E /* Build configuration list for PBXProject "labs_oop" */ = {
			isa = XCConfigurationList;
			buildConfigurations = (
				214CEE3D28FD4B2300814B9E /* Debug */,
				214CEE3E28FD4B2300814B9E /* Release */,
			);
			defaultConfigurationIsVisible = 0;
			defaultConfigurationName = Release;
		};
		214CEE3F28FD4B2300814B9E /* Build configuration list for PBXNativeTarget "labs_oop" */ = {
			isa = XCConfigurationList;
			buildConfigurations = (
				214CEE4028FD4B2300814B9E /* Debug */,
				214CEE4128FD4B2300814B9E /* Release */,
			);
			defaultConfigurationIsVisible = 0;
			defaultConfigurationName = Release;
		};
/* End XCConfigurationList section */
	};
	rootObject = 214CEE3028FD4B2300814B9E /* Project object */;
}
